# This file is automatically @generated by Cargo.
# It is not intended for manual editing.
version = 4

[[package]]
name = "vardheim"
version = "0.2.0"
dependencies = [
 "vardheim-challenge-dns",
 "vardheim-challenge-http",
 "vardheim-challenge-tls",
 "vardheim-core",
]

[[package]]
name = "vardheim-challenge-dns"
version = "0.1.0"

[[package]]
name = "vardheim-challenge-http"
version = "0.1.0"

[[package]]
name = "vardheim-challenge-tls"
version = "0.1.0"

[[package]]
name = "vardheim-core"
version = "0.1.0"
